// !$*UTF8*$!
{
	archiveVersion = 1;
	classes = {
	};
	objectVersion = 50;
	objects = {

/* Begin PBXBuildFile section */
		10BCC283E42EA346C35CC27F /* libPods-MailControllerExample.a in Frameworks */ = {isa = PBXBuildFile; fileRef = 51C68AC94201AC03FEF41BD6 /* libPods-MailControllerExample.a */; };
		966873C321A70AF9008A334E /* AppDelegate.swift in Sources */ = {isa = PBXBuildFile; fileRef = 966873C221A70AF9008A334E /* AppDelegate.swift */; };
		966873C521A70AF9008A334E /* ViewController.swift in Sources */ = {isa = PBXBuildFile; fileRef = 966873C421A70AF9008A334E /* ViewController.swift */; };
		966873C821A70AF9008A334E /* Main.storyboard in Resources */ = {isa = PBXBuildFile; fileRef = 966873C621A70AF9008A334E /* Main.storyboard */; };
		966873CA21A70AFA008A334E /* Assets.xcassets in Resources */ = {isa = PBXBuildFile; fileRef = 966873C921A70AFA008A334E /* Assets.xcassets */; };
		966873CD21A70AFA008A334E /* LaunchScreen.storyboard in Resources */ = {isa = PBXBuildFile; fileRef = 966873CB21A70AFA008A334E /* LaunchScreen.storyboard */; };
/* End PBXBuildFile section */

/* Begin PBXFileReference section */
		3BB36923B78974ABE1609896 /* Pods-MailControllerExample.release.xcconfig */ = {isa = PBXFileReference; includeInIndex = 1; lastKnownFileType = text.xcconfig; name = "Pods-MailControllerExample.release.xcconfig"; path = "Pods/Target Support Files/Pods-MailControllerExample/Pods-MailControllerExample.release.xcconfig"; sourceTree = "<group>"; };
		51C68AC94201AC03FEF41BD6 /* libPods-MailControllerExample.a */ = {isa = PBXFileReference; explicitFileType = archive.ar; includeInIndex = 0; path = "libPods-MailControllerExample.a"; sourceTree = BUILT_PRODUCTS_DIR; };
		87B300C61DF710740A40E417 /* Pods-MailControllerExample.debug.xcconfig */ = {isa = PBXFileReference; includeInIndex = 1; lastKnownFileType = text.xcconfig; name = "Pods-MailControllerExample.debug.xcconfig"; path = "Pods/Target Support Files/Pods-MailControllerExample/Pods-MailControllerExample.debug.xcconfig"; sourceTree = "<group>"; };
		966873BF21A70AF9008A334E /* MailControllerExample.app */ = {isa = PBXFileReference; explicitFileType = wrapper.application; includeInIndex = 0; path = MailControllerExample.app; sourceTree = BUILT_PRODUCTS_DIR; };
		966873C221A70AF9008A334E /* AppDelegate.swift */ = {isa = PBXFileReference; lastKnownFileType = sourcecode.swift; path = AppDelegate.swift; sourceTree = "<group>"; };
		966873C421A70AF9008A334E /* ViewController.swift */ = {isa = PBXFileReference; lastKnownFileType = sourcecode.swift; path = ViewController.swift; sourceTree = "<group>"; };
		966873C721A70AF9008A334E /* Base */ = {isa = PBXFileReference; lastKnownFileType = file.storyboard; name = Base; path = Base.lproj/Main.storyboard; sourceTree = "<group>"; };
		966873C921A70AFA008A334E /* Assets.xcassets */ = {isa = PBXFileReference; lastKnownFileType = folder.assetcatalog; path = Assets.xcassets; sourceTree = "<group>"; };
		966873CC21A70AFA008A334E /* Base */ = {isa = PBXFileReference; lastKnownFileType = file.storyboard; name = Base; path = Base.lproj/LaunchScreen.storyboard; sourceTree = "<group>"; };
		966873CE21A70AFA008A334E /* Info.plist */ = {isa = PBXFileReference; lastKnownFileType = text.plist.xml; path = Info.plist; sourceTree = "<group>"; };
/* End PBXFileReference section */

/* Begin PBXFrameworksBuildPhase section */
		966873BC21A70AF9008A334E /* Frameworks */ = {
			isa = PBXFrameworksBuildPhase;
			buildActionMask = 2147483647;
			files = (
				10BCC283E42EA346C35CC27F /* libPods-MailControllerExample.a in Frameworks */,
			);
			runOnlyForDeploymentPostprocessing = 0;
		};
/* End PBXFrameworksBuildPhase section */

/* Begin PBXGroup section */
		966873B621A70AF9008A334E = {
			isa = PBXGroup;
			children = (
				966873C121A70AF9008A334E /* MailControllerExample */,
				966873C021A70AF9008A334E /* Products */,
				B3A584EEBC21973931D6BE18 /* Pods */,
				DBC75A3B9919A907AEBBEEED /* Frameworks */,
			);
			sourceTree = "<group>";
		};
		966873C021A70AF9008A334E /* Products */ = {
			isa = PBXGroup;
			children = (
				966873BF21A70AF9008A334E /* MailControllerExample.app */,
			);
			name = Products;
			sourceTree = "<group>";
		};
		966873C121A70AF9008A334E /* MailControllerExample */ = {
			isa = PBXGroup;
			children = (
				966873C221A70AF9008A334E /* AppDelegate.swift */,
				966873C421A70AF9008A334E /* ViewController.swift */,
				966873C621A70AF9008A334E /* Main.storyboard */,
				966873C921A70AFA008A334E /* Assets.xcassets */,
				966873CB21A70AFA008A334E /* LaunchScreen.storyboard */,
				966873CE21A70AFA008A334E /* Info.plist */,
			);
			path = MailControllerExample;
			sourceTree = "<group>";
		};
		B3A584EEBC21973931D6BE18 /* Pods */ = {
			isa = PBXGroup;
			children = (
				87B300C61DF710740A40E417 /* Pods-MailControllerExample.debug.xcconfig */,
				3BB36923B78974ABE1609896 /* Pods-MailControllerExample.release.xcconfig */,
			);
			name = Pods;
			sourceTree = "<group>";
		};
		DBC75A3B9919A907AEBBEEED /* Frameworks */ = {
			isa = PBXGroup;
			children = (
				51C68AC94201AC03FEF41BD6 /* libPods-MailControllerExample.a */,
			);
			name = Frameworks;
			sourceTree = "<group>";
		};
/* End PBXGroup section */

/* Begin PBXNativeTarget section */
		966873BE21A70AF9008A334E /* MailControllerExample */ = {
			isa = PBXNativeTarget;
			buildConfigurationList = 966873D121A70AFA008A334E /* Build configuration list for PBXNativeTarget "MailControllerExample" */;
			buildPhases = (
				FCD4F9B9F2706C52D82ACF86 /* [CP] Check Pods Manifest.lock */,
				966873BB21A70AF9008A334E /* Sources */,
				966873BC21A70AF9008A334E /* Frameworks */,
				966873BD21A70AF9008A334E /* Resources */,
			);
			buildRules = (
			);
			dependencies = (
			);
			name = MailControllerExample;
			productName = MailControllerExample;
			productReference = 966873BF21A70AF9008A334E /* MailControllerExample.app */;
			productType = "com.apple.product-type.application";
		};
/* End PBXNativeTarget section */

/* Begin PBXProject section */
		966873B721A70AF9008A334E /* Project object */ = {
			isa = PBXProject;
			attributes = {
				LastSwiftUpdateCheck = 1010;
				LastUpgradeCheck = 1010;
				ORGANIZATIONNAME = "Volodymyr Kolibaba";
				TargetAttributes = {
					966873BE21A70AF9008A334E = {
						CreatedOnToolsVersion = 10.1;
					};
				};
			};
			buildConfigurationList = 966873BA21A70AF9008A334E /* Build configuration list for PBXProject "MailControllerExample" */;
			compatibilityVersion = "Xcode 9.3";
			developmentRegion = en;
			hasScannedForEncodings = 0;
			knownRegions = (
				en,
				Base,
			);
			mainGroup = 966873B621A70AF9008A334E;
			productRefGroup = 966873C021A70AF9008A334E /* Products */;
			projectDirPath = "";
			projectRoot = "";
			targets = (
				966873BE21A70AF9008A334E /* MailControllerExample */,
			);
		};
/* End PBXProject section */

/* Begin PBXResourcesBuildPhase section */
		966873BD21A70AF9008A334E /* Resources */ = {
			isa = PBXResourcesBuildPhase;
			buildActionMask = 2147483647;
			files = (
				966873CD21A70AFA008A334E /* LaunchScreen.storyboard in Resources */,
				966873CA21A70AFA008A334E /* Assets.xcassets in Resources */,
				966873C821A70AF9008A334E /* Main.storyboard in Resources */,
			);
			runOnlyForDeploymentPostprocessing = 0;
		};
/* End PBXResourcesBuildPhase section */

/* Begin PBXShellScriptBuildPhase section */
		FCD4F9B9F2706C52D82ACF86 /* [CP] Check Pods Manifest.lock */ = {
			isa = PBXShellScriptBuildPhase;
			buildActionMask = 2147483647;
			files = (
			);
			inputFileListPaths = (
			);
			inputPaths = (
				"${PODS_PODFILE_DIR_PATH}/Podfile.lock",
				"${PODS_ROOT}/Manifest.lock",
			);
			name = "[CP] Check Pods Manifest.lock";
			outputFileListPaths = (
			);
			outputPaths = (
				"$(DERIVED_FILE_DIR)/Pods-MailControllerExample-checkManifestLockResult.txt",
			);
			runOnlyForDeploymentPostprocessing = 0;
			shellPath = /bin/sh;
			shellScript = "diff \"${PODS_PODFILE_DIR_PATH}/Podfile.lock\" \"${PODS_ROOT}/Manifest.lock\" > /dev/null\nif [ $? != 0 ] ; then\n    # print error to STDERR\n    echo \"error: The sandbox is not in sync with the Podfile.lock. Run 'pod install' or update your CocoaPods installation.\" >&2\n    exit 1\nfi\n# This output is used by Xcode 'outputs' to avoid re-running this script phase.\necho \"SUCCESS\" > \"${SCRIPT_OUTPUT_FILE_0}\"\n";
			showEnvVarsInLog = 0;
		};
/* End PBXShellScriptBuildPhase section */

/* Begin PBXSourcesBuildPhase section */
		966873BB21A70AF9008A334E /* Sources */ = {
			isa = PBXSourcesBuildPhase;
			buildActionMask = 2147483647;
			files = (
				966873C521A70AF9008A334E /* ViewController.swift in Sources */,
				966873C321A70AF9008A334E /* AppDelegate.swift in Sources */,
			);
			runOnlyForDeploymentPostprocessing = 0;
		};
/* End PBXSourcesBuildPhase section */

/* Begin PBXVariantGroup section */
		966873C621A70AF9008A334E /* Main.storyboard */ = {
			isa = PBXVariantGroup;
			children = (
				966873C721A70AF9008A334E /* Base */,
			);
			name = Main.storyboard;
			sourceTree = "<group>";
		};
		966873CB21A70AFA008A334E /* LaunchScreen.storyboard */ = {
			isa = PBXVariantGroup;
			children = (
				966873CC21A70AFA008A334E /* Base */,
			);
			name = LaunchScreen.storyboard;
			sourceTree = "<group>";
		};
/* End PBXVariantGroup section */

/* Begin XCBuildConfiguration section */
		966873CF21A70AFA008A334E /* Debug */ = {
			isa = XCBuildConfiguration;
			buildSettings = {
				ALWAYS_SEARCH_USER_PATHS = NO;
				CLANG_ANALYZER_NONNULL = YES;
				CLANG_ANALYZER_NUMBER_OBJECT_CONVERSION = YES_AGGRESSIVE;
				CLANG_CXX_LANGUAGE_STANDARD = "gnu++14";
				CLANG_CXX_LIBRARY = "libc++";
				CLANG_ENABLE_MODULES = YES;
				CLANG_ENABLE_OBJC_ARC = YES;
				CLANG_ENABLE_OBJC_WEAK = YES;
				CLANG_WARN_BLOCK_CAPTURE_AUTORELEASING = YES;
				CLANG_WARN_BOOL_CONVERSION = YES;
				CLANG_WARN_COMMA = YES;
				CLANG_WARN_CONSTANT_CONVERSION = YES;
				CLANG_WARN_DEPRECATED_OBJC_IMPLEMENTATIONS = YES;
				CLANG_WARN_DIRECT_OBJC_ISA_USAGE = YES_ERROR;
				CLANG_WARN_DOCUMENTATION_COMMENTS = YES;
				CLANG_WARN_EMPTY_BODY = YES;
				CLANG_WARN_ENUM_CONVERSION = YES;
				CLANG_WARN_INFINITE_RECURSION = YES;
				CLANG_WARN_INT_CONVERSION = YES;
				CLANG_WARN_NON_LITERAL_NULL_CONVERSION = YES;
				CLANG_WARN_OBJC_IMPLICIT_RETAIN_SELF = YES;
				CLANG_WARN_OBJC_LITERAL_CONVERSION = YES;
				CLANG_WARN_OBJC_ROOT_CLASS = YES_ERROR;
				CLANG_WARN_RANGE_LOOP_ANALYSIS = YES;
				CLANG_WARN_STRICT_PROTOTYPES = YES;
				CLANG_WARN_SUSPICIOUS_MOVE = YES;
				CLANG_WARN_UNGUARDED_AVAILABILITY = YES_AGGRESSIVE;
				CLANG_WARN_UNREACHABLE_CODE = YES;
				CLANG_WARN__DUPLICATE_METHOD_MATCH = YES;
				CODE_SIGN_IDENTITY = "iPhone Developer";
				COPY_PHASE_STRIP = NO;
				DEBUG_INFORMATION_FORMAT = dwarf;
				ENABLE_STRICT_OBJC_MSGSEND = YES;
				ENABLE_TESTABILITY = YES;
				GCC_C_LANGUAGE_STANDARD = gnu11;
				GCC_DYNAMIC_NO_PIC = NO;
				GCC_NO_COMMON_BLOCKS = YES;
				GCC_OPTIMIZATION_LEVEL = 0;
				GCC_PREPROCESSOR_DEFINITIONS = (
					"DEBUG=1",
					"$(inherited)",
				);
				GCC_WARN_64_TO_32_BIT_CONVERSION = YES;
				GCC_WARN_ABOUT_RETURN_TYPE = YES_ERROR;
				GCC_WARN_UNDECLARED_SELECTOR = YES;
				GCC_WARN_UNINITIALIZED_AUTOS = YES_AGGRESSIVE;
				GCC_WARN_UNUSED_FUNCTION = YES;
				GCC_WARN_UNUSED_VARIABLE = YES;
				IPHONEOS_DEPLOYMENT_TARGET = 12.1;
				MTL_ENABLE_DEBUG_INFO = INCLUDE_SOURCE;
				MTL_FAST_MATH = YES;
				ONLY_ACTIVE_ARCH = YES;
				SDKROOT = iphoneos;
				SWIFT_ACTIVE_COMPILATION_CONDITIONS = DEBUG;
				SWIFT_OPTIMIZATION_LEVEL = "-Onone";
			};
			name = Debug;
		};
		966873D021A70AFA008A334E /* Release */ = {
			isa = XCBuildConfiguration;
			buildSettings = {
				ALWAYS_SEARCH_USER_PATHS = NO;
				CLANG_ANALYZER_NONNULL = YES;
				CLANG_ANALYZER_NUMBER_OBJECT_CONVERSION = YES_AGGRESSIVE;
				CLANG_CXX_LANGUAGE_STANDARD = "gnu++14";
				CLANG_CXX_LIBRARY = "libc++";
				CLANG_ENABLE_MODULES = YES;
				CLANG_ENABLE_OBJC_ARC = YES;
				CLANG_ENABLE_OBJC_WEAK = YES;
				CLANG_WARN_BLOCK_CAPTURE_AUTORELEASING = YES;
				CLANG_WARN_BOOL_CONVERSION = YES;
				CLANG_WARN_COMMA = YES;
				CLANG_WARN_CONSTANT_CONVERSION = YES;
				CLANG_WARN_DEPRECATED_OBJC_IMPLEMENTATIONS = YES;
				CLANG_WARN_DIRECT_OBJC_ISA_USAGE = YES_ERROR;
				CLANG_WARN_DOCUMENTATION_COMMENTS = YES;
				CLANG_WARN_EMPTY_BODY = YES;
				CLANG_WARN_ENUM_CONVERSION = YES;
				CLANG_WARN_INFINITE_RECURSION = YES;
				CLANG_WARN_INT_CONVERSION = YES;
				CLANG_WARN_NON_LITERAL_NULL_CONVERSION = YES;
				CLANG_WARN_OBJC_IMPLICIT_RETAIN_SELF = YES;
				CLANG_WARN_OBJC_LITERAL_CONVERSION = YES;
				CLANG_WARN_OBJC_ROOT_CLASS = YES_ERROR;
				CLANG_WARN_RANGE_LOOP_ANALYSIS = YES;
				CLANG_WARN_STRICT_PROTOTYPES = YES;
				CLANG_WARN_SUSPICIOUS_MOVE = YES;
				CLANG_WARN_UNGUARDED_AVAILABILITY = YES_AGGRESSIVE;
				CLANG_WARN_UNREACHABLE_CODE = YES;
				CLANG_WARN__DUPLICATE_METHOD_MATCH = YES;
				CODE_SIGN_IDENTITY = "iPhone Developer";
				COPY_PHASE_STRIP = NO;
				DEBUG_INFORMATION_FORMAT = "dwarf-with-dsym";
				ENABLE_NS_ASSERTIONS = NO;
				ENABLE_STRICT_OBJC_MSGSEND = YES;
				GCC_C_LANGUAGE_STANDARD = gnu11;
				GCC_NO_COMMON_BLOCKS = YES;
				GCC_WARN_64_TO_32_BIT_CONVERSION = YES;
				GCC_WARN_ABOUT_RETURN_TYPE = YES_ERROR;
				GCC_WARN_UNDECLARED_SELECTOR = YES;
				GCC_WARN_UNINITIALIZED_AUTOS = YES_AGGRESSIVE;
				GCC_WARN_UNUSED_FUNCTION = YES;
				GCC_WARN_UNUSED_VARIABLE = YES;
				IPHONEOS_DEPLOYMENT_TARGET = 12.1;
				MTL_ENABLE_DEBUG_INFO = NO;
				MTL_FAST_MATH = YES;
				SDKROOT = iphoneos;
				SWIFT_COMPILATION_MODE = wholemodule;
				SWIFT_OPTIMIZATION_LEVEL = "-O";
				VALIDATE_PRODUCT = YES;
			};
			name = Release;
		};
		966873D221A70AFA008A334E /* Debug */ = {
			isa = XCBuildConfiguration;
			baseConfigurationReference = 87B300C61DF710740A40E417 /* Pods-MailControllerExample.debug.xcconfig */;
			buildSettings = {
				ASSETCATALOG_COMPILER_APPICON_NAME = AppIcon;
				CODE_SIGN_STYLE = Automatic;
				DEVELOPMENT_TEAM = UDMNVRN9SE;
				INFOPLIST_FILE = MailControllerExample/Info.plist;
				LD_RUNPATH_SEARCH_PATHS = (
					"$(inherited)",
					"@executable_path/Frameworks",
				);
				PRODUCT_BUNDLE_IDENTIFIER = com.kolibaba.MailControllerExample;
				PRODUCT_NAME = "$(TARGET_NAME)";
				SWIFT_VERSION = 4.2;
				TARGETED_DEVICE_FAMILY = "1,2";
			};
			name = Debug;
		};
		966873D321A70AFA008A334E /* Release */ = {
			isa = XCBuildConfiguration;
			baseConfigurationReference = 3BB36923B78974ABE1609896 /* Pods-MailControllerExample.release.xcconfig */;
			buildSettings = {
				ASSETCATALOG_COMPILER_APPICON_NAME = AppIcon;
				CODE_SIGN_STYLE = Automatic;
				DEVELOPMENT_TEAM = UDMNVRN9SE;
				INFOPLIST_FILE = MailControllerExample/Info.plist;
				LD_RUNPATH_SEARCH_PATHS = (
					"$(inherited)",
					"@executable_path/Frameworks",
				);
				PRODUCT_BUNDLE_IDENTIFIER = com.kolibaba.MailControllerExample;
				PRODUCT_NAME = "$(TARGET_NAME)";
				SWIFT_VERSION = 4.2;
				TARGETED_DEVICE_FAMILY = "1,2";
			};
			name = Release;
		};
/* End XCBuildConfiguration section */

/* Begin XCConfigurationList section */
		966873BA21A70AF9008A334E /* Build configuration list for PBXProject "MailControllerExample" */ = {
			isa = XCConfigurationList;
			buildConfigurations = (
				966873CF21A70AFA008A334E /* Debug */,
				966873D021A70AFA008A334E /* Release */,
			);
			defaultConfigurationIsVisible = 0;
			defaultConfigurationName = Release;
		};
		966873D121A70AFA008A334E /* Build configuration list for PBXNativeTarget "MailControllerExample" */ = {
			isa = XCConfigurationList;
			buildConfigurations = (
				966873D221A70AFA008A334E /* Debug */,
				966873D321A70AFA008A334E /* Release */,
			);
			defaultConfigurationIsVisible = 0;
			defaultConfigurationName = Release;
		};
/* End XCConfigurationList section */
	};
	rootObject = 966873B721A70AF9008A334E /* Project object */;
}
